
Microsoft Visual Studio Solution File, Format Version 12.00
# Visual Studio Version 17
VisualStudioVersion = 17.9.34714.143
MinimumVisualStudioVersion = 10.0.40219.1
Project("{9A19103F-16F7-4668-BE54-9A1E7A4F7556}") = "window-resolutioner", "window-resolutioner\window-resolutioner.csproj", "{2094DD6E-27BF-4E79-89BF-972D782895F8}"
EndProject
Project("{54435603-DBB4-11D2-8724-00A0C9A8B90C}") = "window-resolutioner-setup", "window-resolutioner-setup\window-resolutioner-setup.vdproj", "{291C764F-6A82-4481-ADD0-AA0EB0197EEE}"
EndProject
Global
	GlobalSection(SolutionConfigurationPlatforms) = preSolution
		Debug|Any CPU = Debug|Any CPU
		Release|Any CPU = Release|Any CPU
	EndGlobalSection
	GlobalSection(ProjectConfigurationPlatforms) = postSolution
		{2094DD6E-27BF-4E79-89BF-972D782895F8}.Debug|Any CPU.ActiveCfg = Debug|Any CPU
		{2094DD6E-27BF-4E79-89BF-972D782895F8}.Debug|Any CPU.Build.0 = Debug|Any CPU
		{2094DD6E-27BF-4E79-89BF-972D782895F8}.Release|Any CPU.ActiveCfg = Release|Any CPU
		{2094DD6E-27BF-4E79-89BF-972D782895F8}.Release|Any CPU.Build.0 = Release|Any CPU
		{291C764F-6A82-4481-ADD0-AA0EB0197EEE}.Debug|Any CPU.ActiveCfg = Debug
		{291C764F-6A82-4481-ADD0-AA0EB0197EEE}.Release|Any CPU.ActiveCfg = Release
	EndGlobalSection
	GlobalSection(SolutionProperties) = preSolution
		HideSolutionNode = FALSE
	EndGlobalSection
	GlobalSection(ExtensibilityGlobals) = postSolution
		SolutionGuid = {B824BBB9-617C-4D35-8DBC-21DC24E6105C}
	EndGlobalSection
EndGlobal
